// !$*UTF8*$!
{
	archiveVersion = 1;
	classes = {
	};
	objectVersion = 46;
	objects = {

/* Begin PBXBuildFile section */
		8F0C706A1E3B65F200C27C9C /* VuforiaOrchextra.framework in Frameworks */ = {isa = PBXBuildFile; fileRef = 8F0C70681E3B65F200C27C9C /* VuforiaOrchextra.framework */; };
		8F0C706F1E3B6DEF00C27C9C /* Cartfile in Resources */ = {isa = PBXBuildFile; fileRef = 8F0C706E1E3B6DEF00C27C9C /* Cartfile */; };
		8F3EEBFC1D2141AD00490A84 /* WebKit.framework in Frameworks */ = {isa = PBXBuildFile; fileRef = 8F3EEBFB1D2141AD00490A84 /* WebKit.framework */; };
		8F3EEBFE1D2141B600490A84 /* PassKit.framework in Frameworks */ = {isa = PBXBuildFile; fileRef = 8F3EEBFD1D2141B600490A84 /* PassKit.framework */; };
		8F447A491D34F01D00705861 /* SafariServices.framework in Frameworks */ = {isa = PBXBuildFile; fileRef = 8F447A481D34F01D00705861 /* SafariServices.framework */; };
		8F62DDD51E4B5AC200FD1826 /* Orchextra.framework in Frameworks */ = {isa = PBXBuildFile; fileRef = 8F62DDD31E4B5A9900FD1826 /* Orchextra.framework */; };
		8F62DDD61E4B5AC200FD1826 /* Orchextra.framework in Embed Frameworks */ = {isa = PBXBuildFile; fileRef = 8F62DDD31E4B5A9900FD1826 /* Orchextra.framework */; settings = {ATTRIBUTES = (CodeSignOnCopy, RemoveHeadersOnCopy, ); }; };
		A90ABDA21C77224F003DC902 /* CoreMedia.framework in Frameworks */ = {isa = PBXBuildFile; fileRef = A90ABDA11C77224F003DC902 /* CoreMedia.framework */; };
		A92AD9B61BEB9ED7000B0BFD /* main.m in Sources */ = {isa = PBXBuildFile; fileRef = A92AD9B51BEB9ED7000B0BFD /* main.m */; };
		A92AD9B91BEB9ED7000B0BFD /* AppDelegate.m in Sources */ = {isa = PBXBuildFile; fileRef = A92AD9B81BEB9ED7000B0BFD /* AppDelegate.m */; };
		A92AD9BF1BEB9ED7000B0BFD /* Main.storyboard in Resources */ = {isa = PBXBuildFile; fileRef = A92AD9BD1BEB9ED7000B0BFD /* Main.storyboard */; };
		A92AD9C11BEB9ED7000B0BFD /* Assets.xcassets in Resources */ = {isa = PBXBuildFile; fileRef = A92AD9C01BEB9ED7000B0BFD /* Assets.xcassets */; };
		A92AD9C41BEB9ED7000B0BFD /* LaunchScreen.storyboard in Resources */ = {isa = PBXBuildFile; fileRef = A92AD9C21BEB9ED7000B0BFD /* LaunchScreen.storyboard */; };
		A92AD9CF1BEB9ED7000B0BFD /* SampleOrchextraTests.m in Sources */ = {isa = PBXBuildFile; fileRef = A92AD9CE1BEB9ED7000B0BFD /* SampleOrchextraTests.m */; };
		A939107A1BEBA76E0096A693 /* BeaconsPresenter.m in Sources */ = {isa = PBXBuildFile; fileRef = A93910581BEBA76E0096A693 /* BeaconsPresenter.m */; };
		A939107B1BEBA76E0096A693 /* BeaconsTableViewController.m in Sources */ = {isa = PBXBuildFile; fileRef = A939105B1BEBA76E0096A693 /* BeaconsTableViewController.m */; };
		A939107E1BEBA76E0096A693 /* GeofencesPresenter.m in Sources */ = {isa = PBXBuildFile; fileRef = A93910661BEBA76E0096A693 /* GeofencesPresenter.m */; };
		A939107F1BEBA76E0096A693 /* GeofencesViewController.m in Sources */ = {isa = PBXBuildFile; fileRef = A93910691BEBA76E0096A693 /* GeofencesViewController.m */; };
		A93910801BEBA76E0096A693 /* RegionAnnotation.m in Sources */ = {isa = PBXBuildFile; fileRef = A939106B1BEBA76E0096A693 /* RegionAnnotation.m */; };
		A93910811BEBA76E0096A693 /* RegionDetailPresenter.m in Sources */ = {isa = PBXBuildFile; fileRef = A939106F1BEBA76E0096A693 /* RegionDetailPresenter.m */; };
		A93910821BEBA76E0096A693 /* DetailCell.m in Sources */ = {isa = PBXBuildFile; fileRef = A93910721BEBA76E0096A693 /* DetailCell.m */; };
		A93910831BEBA76E0096A693 /* NotifyCell.m in Sources */ = {isa = PBXBuildFile; fileRef = A93910741BEBA76E0096A693 /* NotifyCell.m */; };
		A93910841BEBA76E0096A693 /* RegionDetailTableController.m in Sources */ = {isa = PBXBuildFile; fileRef = A93910761BEBA76E0096A693 /* RegionDetailTableController.m */; };
		A93910851BEBA76E0096A693 /* ScannerViewController.m in Sources */ = {isa = PBXBuildFile; fileRef = A93910791BEBA76E0096A693 /* ScannerViewController.m */; };
		A93910881BEBA7FA0096A693 /* AdSupport.framework in Frameworks */ = {isa = PBXBuildFile; fileRef = A93910871BEBA7FA0096A693 /* AdSupport.framework */; };
		A939108B1BEBA8150096A693 /* SystemConfiguration.framework in Frameworks */ = {isa = PBXBuildFile; fileRef = A939108A1BEBA8150096A693 /* SystemConfiguration.framework */; };
		A939108D1BEBA81D0096A693 /* AVFoundation.framework in Frameworks */ = {isa = PBXBuildFile; fileRef = A939108C1BEBA81D0096A693 /* AVFoundation.framework */; };
		A939108F1BEBA8230096A693 /* CoreLocation.framework in Frameworks */ = {isa = PBXBuildFile; fileRef = A939108E1BEBA8230096A693 /* CoreLocation.framework */; };
		A93910911BEBA8290096A693 /* CoreMotion.framework in Frameworks */ = {isa = PBXBuildFile; fileRef = A93910901BEBA8290096A693 /* CoreMotion.framework */; };
		A9FF9B821C8AED7400A4C388 /* DetailModel.m in Sources */ = {isa = PBXBuildFile; fileRef = A9FF9B7E1C8AED7400A4C388 /* DetailModel.m */; };
		A9FF9B831C8AED7400A4C388 /* MainWireframe.m in Sources */ = {isa = PBXBuildFile; fileRef = A9FF9B811C8AED7400A4C388 /* MainWireframe.m */; };
		A9FF9B8A1C8AEDC800A4C388 /* UserDetailsViewController.m in Sources */ = {isa = PBXBuildFile; fileRef = A9FF9B891C8AEDC800A4C388 /* UserDetailsViewController.m */; };
		A9FF9B8D1C8AEDDB00A4C388 /* UserDetailsPresenter.m in Sources */ = {isa = PBXBuildFile; fileRef = A9FF9B8C1C8AEDDB00A4C388 /* UserDetailsPresenter.m */; };
		A9FF9B911C8AEE0500A4C388 /* UserDetailsInteractor.m in Sources */ = {isa = PBXBuildFile; fileRef = A9FF9B901C8AEE0500A4C388 /* UserDetailsInteractor.m */; };
		A9FF9B941C8AEE1700A4C388 /* User.m in Sources */ = {isa = PBXBuildFile; fileRef = A9FF9B931C8AEE1700A4C388 /* User.m */; };
		A9FF9B981C8AEE4200A4C388 /* SessionPersister.m in Sources */ = {isa = PBXBuildFile; fileRef = A9FF9B971C8AEE4200A4C388 /* SessionPersister.m */; };
		A9FF9B9B1C8CA16F00A4C388 /* ScannerPresenter.m in Sources */ = {isa = PBXBuildFile; fileRef = A9FF9B9A1C8CA16F00A4C388 /* ScannerPresenter.m */; };
		A9FF9B9F1C8CA7DC00A4C388 /* NSUserDefaults+ORCGIGArchive.m in Sources */ = {isa = PBXBuildFile; fileRef = A9FF9B9E1C8CA7DC00A4C388 /* NSUserDefaults+ORCGIGArchive.m */; };
/* End PBXBuildFile section */

/* Begin PBXContainerItemProxy section */
		A92AD9CB1BEB9ED7000B0BFD /* PBXContainerItemProxy */ = {
			isa = PBXContainerItemProxy;
			containerPortal = A92AD9A91BEB9ED7000B0BFD /* Project object */;
			proxyType = 1;
			remoteGlobalIDString = A92AD9B01BEB9ED7000B0BFD;
			remoteInfo = SampleOrchextra;
		};
/* End PBXContainerItemProxy section */

/* Begin PBXCopyFilesBuildPhase section */
		8F7ABE2E1E3B70B10050446B /* Embed Frameworks */ = {
			isa = PBXCopyFilesBuildPhase;
			buildActionMask = 2147483647;
			dstPath = "";
			dstSubfolderSpec = 10;
			files = (
				8F62DDD61E4B5AC200FD1826 /* Orchextra.framework in Embed Frameworks */,
			);
			name = "Embed Frameworks";
			runOnlyForDeploymentPostprocessing = 0;
		};
/* End PBXCopyFilesBuildPhase section */

/* Begin PBXFileReference section */
		8F0C70681E3B65F200C27C9C /* VuforiaOrchextra.framework */ = {isa = PBXFileReference; lastKnownFileType = wrapper.framework; path = VuforiaOrchextra.framework; sourceTree = "<group>"; };
		8F0C706E1E3B6DEF00C27C9C /* Cartfile */ = {isa = PBXFileReference; fileEncoding = 4; lastKnownFileType = text; path = Cartfile; sourceTree = "<group>"; };
		8F3EEBFB1D2141AD00490A84 /* WebKit.framework */ = {isa = PBXFileReference; lastKnownFileType = wrapper.framework; name = WebKit.framework; path = System/Library/Frameworks/WebKit.framework; sourceTree = SDKROOT; };
		8F3EEBFD1D2141B600490A84 /* PassKit.framework */ = {isa = PBXFileReference; lastKnownFileType = wrapper.framework; name = PassKit.framework; path = System/Library/Frameworks/PassKit.framework; sourceTree = SDKROOT; };
		8F447A481D34F01D00705861 /* SafariServices.framework */ = {isa = PBXFileReference; lastKnownFileType = wrapper.framework; name = SafariServices.framework; path = System/Library/Frameworks/SafariServices.framework; sourceTree = SDKROOT; };
		8F62DDD31E4B5A9900FD1826 /* Orchextra.framework */ = {isa = PBXFileReference; lastKnownFileType = wrapper.framework; path = Orchextra.framework; sourceTree = "<group>"; };
		A90ABDA11C77224F003DC902 /* CoreMedia.framework */ = {isa = PBXFileReference; lastKnownFileType = wrapper.framework; name = CoreMedia.framework; path = System/Library/Frameworks/CoreMedia.framework; sourceTree = SDKROOT; };
		A92AD9B11BEB9ED7000B0BFD /* SampleOrchextra.app */ = {isa = PBXFileReference; explicitFileType = wrapper.application; includeInIndex = 0; path = SampleOrchextra.app; sourceTree = BUILT_PRODUCTS_DIR; };
		A92AD9B51BEB9ED7000B0BFD /* main.m */ = {isa = PBXFileReference; lastKnownFileType = sourcecode.c.objc; path = main.m; sourceTree = "<group>"; };
		A92AD9B71BEB9ED7000B0BFD /* AppDelegate.h */ = {isa = PBXFileReference; lastKnownFileType = sourcecode.c.h; path = AppDelegate.h; sourceTree = "<group>"; };
		A92AD9B81BEB9ED7000B0BFD /* AppDelegate.m */ = {isa = PBXFileReference; lastKnownFileType = sourcecode.c.objc; path = AppDelegate.m; sourceTree = "<group>"; };
		A92AD9BE1BEB9ED7000B0BFD /* Base */ = {isa = PBXFileReference; lastKnownFileType = file.storyboard; name = Base; path = Base.lproj/Main.storyboard; sourceTree = "<group>"; };
		A92AD9C01BEB9ED7000B0BFD /* Assets.xcassets */ = {isa = PBXFileReference; lastKnownFileType = folder.assetcatalog; path = Assets.xcassets; sourceTree = "<group>"; };
		A92AD9C31BEB9ED7000B0BFD /* Base */ = {isa = PBXFileReference; lastKnownFileType = file.storyboard; name = Base; path = Base.lproj/LaunchScreen.storyboard; sourceTree = "<group>"; };
		A92AD9C51BEB9ED7000B0BFD /* Info.plist */ = {isa = PBXFileReference; lastKnownFileType = text.plist.xml; path = Info.plist; sourceTree = "<group>"; };
		A92AD9CA1BEB9ED7000B0BFD /* SampleOrchextraTests.xctest */ = {isa = PBXFileReference; explicitFileType = wrapper.cfbundle; includeInIndex = 0; path = SampleOrchextraTests.xctest; sourceTree = BUILT_PRODUCTS_DIR; };
		A92AD9CE1BEB9ED7000B0BFD /* SampleOrchextraTests.m */ = {isa = PBXFileReference; lastKnownFileType = sourcecode.c.objc; path = SampleOrchextraTests.m; sourceTree = "<group>"; };
		A92AD9D01BEB9ED7000B0BFD /* Info.plist */ = {isa = PBXFileReference; lastKnownFileType = text.plist.xml; path = Info.plist; sourceTree = "<group>"; };
		A93910571BEBA76E0096A693 /* BeaconsPresenter.h */ = {isa = PBXFileReference; fileEncoding = 4; lastKnownFileType = sourcecode.c.h; path = BeaconsPresenter.h; sourceTree = "<group>"; };
		A93910581BEBA76E0096A693 /* BeaconsPresenter.m */ = {isa = PBXFileReference; fileEncoding = 4; lastKnownFileType = sourcecode.c.objc; path = BeaconsPresenter.m; sourceTree = "<group>"; };
		A939105A1BEBA76E0096A693 /* BeaconsTableViewController.h */ = {isa = PBXFileReference; fileEncoding = 4; lastKnownFileType = sourcecode.c.h; path = BeaconsTableViewController.h; sourceTree = "<group>"; };
		A939105B1BEBA76E0096A693 /* BeaconsTableViewController.m */ = {isa = PBXFileReference; fileEncoding = 4; lastKnownFileType = sourcecode.c.objc; path = BeaconsTableViewController.m; sourceTree = "<group>"; };
		A93910651BEBA76E0096A693 /* GeofencesPresenter.h */ = {isa = PBXFileReference; fileEncoding = 4; lastKnownFileType = sourcecode.c.h; path = GeofencesPresenter.h; sourceTree = "<group>"; };
		A93910661BEBA76E0096A693 /* GeofencesPresenter.m */ = {isa = PBXFileReference; fileEncoding = 4; lastKnownFileType = sourcecode.c.objc; path = GeofencesPresenter.m; sourceTree = "<group>"; };
		A93910681BEBA76E0096A693 /* GeofencesViewController.h */ = {isa = PBXFileReference; fileEncoding = 4; lastKnownFileType = sourcecode.c.h; path = GeofencesViewController.h; sourceTree = "<group>"; };
		A93910691BEBA76E0096A693 /* GeofencesViewController.m */ = {isa = PBXFileReference; fileEncoding = 4; lastKnownFileType = sourcecode.c.objc; path = GeofencesViewController.m; sourceTree = "<group>"; };
		A939106A1BEBA76E0096A693 /* RegionAnnotation.h */ = {isa = PBXFileReference; fileEncoding = 4; lastKnownFileType = sourcecode.c.h; path = RegionAnnotation.h; sourceTree = "<group>"; };
		A939106B1BEBA76E0096A693 /* RegionAnnotation.m */ = {isa = PBXFileReference; fileEncoding = 4; lastKnownFileType = sourcecode.c.objc; path = RegionAnnotation.m; sourceTree = "<group>"; };
		A939106E1BEBA76E0096A693 /* RegionDetailPresenter.h */ = {isa = PBXFileReference; fileEncoding = 4; lastKnownFileType = sourcecode.c.h; path = RegionDetailPresenter.h; sourceTree = "<group>"; };
		A939106F1BEBA76E0096A693 /* RegionDetailPresenter.m */ = {isa = PBXFileReference; fileEncoding = 4; lastKnownFileType = sourcecode.c.objc; path = RegionDetailPresenter.m; sourceTree = "<group>"; };
		A93910711BEBA76E0096A693 /* DetailCell.h */ = {isa = PBXFileReference; fileEncoding = 4; lastKnownFileType = sourcecode.c.h; path = DetailCell.h; sourceTree = "<group>"; };
		A93910721BEBA76E0096A693 /* DetailCell.m */ = {isa = PBXFileReference; fileEncoding = 4; lastKnownFileType = sourcecode.c.objc; path = DetailCell.m; sourceTree = "<group>"; };
		A93910731BEBA76E0096A693 /* NotifyCell.h */ = {isa = PBXFileReference; fileEncoding = 4; lastKnownFileType = sourcecode.c.h; path = NotifyCell.h; sourceTree = "<group>"; };
		A93910741BEBA76E0096A693 /* NotifyCell.m */ = {isa = PBXFileReference; fileEncoding = 4; lastKnownFileType = sourcecode.c.objc; path = NotifyCell.m; sourceTree = "<group>"; };
		A93910751BEBA76E0096A693 /* RegionDetailTableController.h */ = {isa = PBXFileReference; fileEncoding = 4; lastKnownFileType = sourcecode.c.h; path = RegionDetailTableController.h; sourceTree = "<group>"; };
		A93910761BEBA76E0096A693 /* RegionDetailTableController.m */ = {isa = PBXFileReference; fileEncoding = 4; lastKnownFileType = sourcecode.c.objc; path = RegionDetailTableController.m; sourceTree = "<group>"; };
		A93910781BEBA76E0096A693 /* ScannerViewController.h */ = {isa = PBXFileReference; fileEncoding = 4; lastKnownFileType = sourcecode.c.h; path = ScannerViewController.h; sourceTree = "<group>"; };
		A93910791BEBA76E0096A693 /* ScannerViewController.m */ = {isa = PBXFileReference; fileEncoding = 4; lastKnownFileType = sourcecode.c.objc; path = ScannerViewController.m; sourceTree = "<group>"; };
		A93910871BEBA7FA0096A693 /* AdSupport.framework */ = {isa = PBXFileReference; lastKnownFileType = wrapper.framework; name = AdSupport.framework; path = System/Library/Frameworks/AdSupport.framework; sourceTree = SDKROOT; };
		A939108A1BEBA8150096A693 /* SystemConfiguration.framework */ = {isa = PBXFileReference; lastKnownFileType = wrapper.framework; name = SystemConfiguration.framework; path = System/Library/Frameworks/SystemConfiguration.framework; sourceTree = SDKROOT; };
		A939108C1BEBA81D0096A693 /* AVFoundation.framework */ = {isa = PBXFileReference; lastKnownFileType = wrapper.framework; name = AVFoundation.framework; path = System/Library/Frameworks/AVFoundation.framework; sourceTree = SDKROOT; };
		A939108E1BEBA8230096A693 /* CoreLocation.framework */ = {isa = PBXFileReference; lastKnownFileType = wrapper.framework; name = CoreLocation.framework; path = System/Library/Frameworks/CoreLocation.framework; sourceTree = SDKROOT; };
		A93910901BEBA8290096A693 /* CoreMotion.framework */ = {isa = PBXFileReference; lastKnownFileType = wrapper.framework; name = CoreMotion.framework; path = System/Library/Frameworks/CoreMotion.framework; sourceTree = SDKROOT; };
		A9FF9B7D1C8AED7400A4C388 /* DetailModel.h */ = {isa = PBXFileReference; fileEncoding = 4; lastKnownFileType = sourcecode.c.h; path = DetailModel.h; sourceTree = "<group>"; };
		A9FF9B7E1C8AED7400A4C388 /* DetailModel.m */ = {isa = PBXFileReference; fileEncoding = 4; lastKnownFileType = sourcecode.c.objc; path = DetailModel.m; sourceTree = "<group>"; };
		A9FF9B801C8AED7400A4C388 /* MainWireframe.h */ = {isa = PBXFileReference; fileEncoding = 4; lastKnownFileType = sourcecode.c.h; path = MainWireframe.h; sourceTree = "<group>"; };
		A9FF9B811C8AED7400A4C388 /* MainWireframe.m */ = {isa = PBXFileReference; fileEncoding = 4; lastKnownFileType = sourcecode.c.objc; path = MainWireframe.m; sourceTree = "<group>"; };
		A9FF9B881C8AEDC800A4C388 /* UserDetailsViewController.h */ = {isa = PBXFileReference; fileEncoding = 4; lastKnownFileType = sourcecode.c.h; path = UserDetailsViewController.h; sourceTree = "<group>"; };
		A9FF9B891C8AEDC800A4C388 /* UserDetailsViewController.m */ = {isa = PBXFileReference; fileEncoding = 4; lastKnownFileType = sourcecode.c.objc; path = UserDetailsViewController.m; sourceTree = "<group>"; };
		A9FF9B8B1C8AEDDB00A4C388 /* UserDetailsPresenter.h */ = {isa = PBXFileReference; fileEncoding = 4; lastKnownFileType = sourcecode.c.h; path = UserDetailsPresenter.h; sourceTree = "<group>"; };
		A9FF9B8C1C8AEDDB00A4C388 /* UserDetailsPresenter.m */ = {isa = PBXFileReference; fileEncoding = 4; lastKnownFileType = sourcecode.c.objc; path = UserDetailsPresenter.m; sourceTree = "<group>"; };
		A9FF9B8F1C8AEE0500A4C388 /* UserDetailsInteractor.h */ = {isa = PBXFileReference; fileEncoding = 4; lastKnownFileType = sourcecode.c.h; name = UserDetailsInteractor.h; path = Interactor/UserDetailsInteractor.h; sourceTree = "<group>"; };
		A9FF9B901C8AEE0500A4C388 /* UserDetailsInteractor.m */ = {isa = PBXFileReference; fileEncoding = 4; lastKnownFileType = sourcecode.c.objc; name = UserDetailsInteractor.m; path = Interactor/UserDetailsInteractor.m; sourceTree = "<group>"; };
		A9FF9B921C8AEE1700A4C388 /* User.h */ = {isa = PBXFileReference; fileEncoding = 4; lastKnownFileType = sourcecode.c.h; path = User.h; sourceTree = "<group>"; };
		A9FF9B931C8AEE1700A4C388 /* User.m */ = {isa = PBXFileReference; fileEncoding = 4; lastKnownFileType = sourcecode.c.objc; path = User.m; sourceTree = "<group>"; };
		A9FF9B961C8AEE4200A4C388 /* SessionPersister.h */ = {isa = PBXFileReference; fileEncoding = 4; lastKnownFileType = sourcecode.c.h; name = SessionPersister.h; path = Persister/SessionPersister.h; sourceTree = "<group>"; };
		A9FF9B971C8AEE4200A4C388 /* SessionPersister.m */ = {isa = PBXFileReference; fileEncoding = 4; lastKnownFileType = sourcecode.c.objc; name = SessionPersister.m; path = Persister/SessionPersister.m; sourceTree = "<group>"; };
		A9FF9B991C8CA16F00A4C388 /* ScannerPresenter.h */ = {isa = PBXFileReference; fileEncoding = 4; lastKnownFileType = sourcecode.c.h; path = ScannerPresenter.h; sourceTree = "<group>"; };
		A9FF9B9A1C8CA16F00A4C388 /* ScannerPresenter.m */ = {isa = PBXFileReference; fileEncoding = 4; lastKnownFileType = sourcecode.c.objc; path = ScannerPresenter.m; sourceTree = "<group>"; };
		A9FF9B9D1C8CA7DC00A4C388 /* NSUserDefaults+ORCGIGArchive.h */ = {isa = PBXFileReference; fileEncoding = 4; lastKnownFileType = sourcecode.c.h; path = "NSUserDefaults+ORCGIGArchive.h"; sourceTree = "<group>"; };
		A9FF9B9E1C8CA7DC00A4C388 /* NSUserDefaults+ORCGIGArchive.m */ = {isa = PBXFileReference; fileEncoding = 4; lastKnownFileType = sourcecode.c.objc; path = "NSUserDefaults+ORCGIGArchive.m"; sourceTree = "<group>"; };
/* End PBXFileReference section */

/* Begin PBXFrameworksBuildPhase section */
		A92AD9AE1BEB9ED7000B0BFD /* Frameworks */ = {
			isa = PBXFrameworksBuildPhase;
			buildActionMask = 2147483647;
			files = (
				8F447A491D34F01D00705861 /* SafariServices.framework in Frameworks */,
				8F3EEBFE1D2141B600490A84 /* PassKit.framework in Frameworks */,
				8F3EEBFC1D2141AD00490A84 /* WebKit.framework in Frameworks */,
				8F0C706A1E3B65F200C27C9C /* VuforiaOrchextra.framework in Frameworks */,
				A90ABDA21C77224F003DC902 /* CoreMedia.framework in Frameworks */,
				A93910911BEBA8290096A693 /* CoreMotion.framework in Frameworks */,
				8F62DDD51E4B5AC200FD1826 /* Orchextra.framework in Frameworks */,
				A939108F1BEBA8230096A693 /* CoreLocation.framework in Frameworks */,
				A939108D1BEBA81D0096A693 /* AVFoundation.framework in Frameworks */,
				A939108B1BEBA8150096A693 /* SystemConfiguration.framework in Frameworks */,
				A93910881BEBA7FA0096A693 /* AdSupport.framework in Frameworks */,
			);
			runOnlyForDeploymentPostprocessing = 0;
		};
		A92AD9C71BEB9ED7000B0BFD /* Frameworks */ = {
			isa = PBXFrameworksBuildPhase;
			buildActionMask = 2147483647;
			files = (
			);
			runOnlyForDeploymentPostprocessing = 0;
		};
/* End PBXFrameworksBuildPhase section */

/* Begin PBXGroup section */
		A92AD9A81BEB9ED7000B0BFD = {
			isa = PBXGroup;
			children = (
				A92AD9B31BEB9ED7000B0BFD /* SampleOrchextra */,
				A92AD9CD1BEB9ED7000B0BFD /* SampleOrchextraTests */,
				A92AD9B21BEB9ED7000B0BFD /* Products */,
				A93910891BEBA8020096A693 /* Frameworks */,
			);
			sourceTree = "<group>";
		};
		A92AD9B21BEB9ED7000B0BFD /* Products */ = {
			isa = PBXGroup;
			children = (
				A92AD9B11BEB9ED7000B0BFD /* SampleOrchextra.app */,
				A92AD9CA1BEB9ED7000B0BFD /* SampleOrchextraTests.xctest */,
			);
			name = Products;
			sourceTree = "<group>";
		};
		A92AD9B31BEB9ED7000B0BFD /* SampleOrchextra */ = {
			isa = PBXGroup;
			children = (
				A9FF9B9C1C8CA7DC00A4C388 /* Libs */,
				A97D5DCE1C0D83930086C867 /* OrchextraSDK */,
				A92AD9B71BEB9ED7000B0BFD /* AppDelegate.h */,
				A92AD9B81BEB9ED7000B0BFD /* AppDelegate.m */,
				A93910541BEBA76E0096A693 /* Sections */,
				A9FF9B7B1C8AED7400A4C388 /* Common */,
				A92AD9BD1BEB9ED7000B0BFD /* Main.storyboard */,
				A92AD9C01BEB9ED7000B0BFD /* Assets.xcassets */,
				A92AD9C21BEB9ED7000B0BFD /* LaunchScreen.storyboard */,
				A92AD9C51BEB9ED7000B0BFD /* Info.plist */,
				A92AD9B41BEB9ED7000B0BFD /* Supporting Files */,
			);
			path = SampleOrchextra;
			sourceTree = "<group>";
		};
		A92AD9B41BEB9ED7000B0BFD /* Supporting Files */ = {
			isa = PBXGroup;
			children = (
				A92AD9B51BEB9ED7000B0BFD /* main.m */,
			);
			name = "Supporting Files";
			sourceTree = "<group>";
		};
		A92AD9CD1BEB9ED7000B0BFD /* SampleOrchextraTests */ = {
			isa = PBXGroup;
			children = (
				A92AD9CE1BEB9ED7000B0BFD /* SampleOrchextraTests.m */,
				A92AD9D01BEB9ED7000B0BFD /* Info.plist */,
			);
			path = SampleOrchextraTests;
			sourceTree = "<group>";
		};
		A93910541BEBA76E0096A693 /* Sections */ = {
			isa = PBXGroup;
			children = (
				A9FF9B841C8AED7C00A4C388 /* UserDetails */,
				A93910551BEBA76E0096A693 /* Beacons */,
				A93910631BEBA76E0096A693 /* Geofences */,
				A939106C1BEBA76E0096A693 /* RegionDetail */,
				A93910771BEBA76E0096A693 /* Scanner */,
			);
			path = Sections;
			sourceTree = "<group>";
		};
		A93910551BEBA76E0096A693 /* Beacons */ = {
			isa = PBXGroup;
			children = (
				A93910561BEBA76E0096A693 /* Presenter */,
				A93910591BEBA76E0096A693 /* View */,
			);
			path = Beacons;
			sourceTree = "<group>";
		};
		A93910561BEBA76E0096A693 /* Presenter */ = {
			isa = PBXGroup;
			children = (
				A93910571BEBA76E0096A693 /* BeaconsPresenter.h */,
				A93910581BEBA76E0096A693 /* BeaconsPresenter.m */,
			);
			path = Presenter;
			sourceTree = "<group>";
		};
		A93910591BEBA76E0096A693 /* View */ = {
			isa = PBXGroup;
			children = (
				A939105A1BEBA76E0096A693 /* BeaconsTableViewController.h */,
				A939105B1BEBA76E0096A693 /* BeaconsTableViewController.m */,
			);
			path = View;
			sourceTree = "<group>";
		};
		A93910631BEBA76E0096A693 /* Geofences */ = {
			isa = PBXGroup;
			children = (
				A93910641BEBA76E0096A693 /* Presenter */,
				A93910671BEBA76E0096A693 /* View */,
			);
			path = Geofences;
			sourceTree = "<group>";
		};
		A93910641BEBA76E0096A693 /* Presenter */ = {
			isa = PBXGroup;
			children = (
				A93910651BEBA76E0096A693 /* GeofencesPresenter.h */,
				A93910661BEBA76E0096A693 /* GeofencesPresenter.m */,
			);
			path = Presenter;
			sourceTree = "<group>";
		};
		A93910671BEBA76E0096A693 /* View */ = {
			isa = PBXGroup;
			children = (
				A93910681BEBA76E0096A693 /* GeofencesViewController.h */,
				A93910691BEBA76E0096A693 /* GeofencesViewController.m */,
				A939106A1BEBA76E0096A693 /* RegionAnnotation.h */,
				A939106B1BEBA76E0096A693 /* RegionAnnotation.m */,
			);
			path = View;
			sourceTree = "<group>";
		};
		A939106C1BEBA76E0096A693 /* RegionDetail */ = {
			isa = PBXGroup;
			children = (
				A939106D1BEBA76E0096A693 /* Presenter */,
				A93910701BEBA76E0096A693 /* View */,
			);
			path = RegionDetail;
			sourceTree = "<group>";
		};
		A939106D1BEBA76E0096A693 /* Presenter */ = {
			isa = PBXGroup;
			children = (
				A939106E1BEBA76E0096A693 /* RegionDetailPresenter.h */,
				A939106F1BEBA76E0096A693 /* RegionDetailPresenter.m */,
			);
			path = Presenter;
			sourceTree = "<group>";
		};
		A93910701BEBA76E0096A693 /* View */ = {
			isa = PBXGroup;
			children = (
				A93910711BEBA76E0096A693 /* DetailCell.h */,
				A93910721BEBA76E0096A693 /* DetailCell.m */,
				A93910731BEBA76E0096A693 /* NotifyCell.h */,
				A93910741BEBA76E0096A693 /* NotifyCell.m */,
				A93910751BEBA76E0096A693 /* RegionDetailTableController.h */,
				A93910761BEBA76E0096A693 /* RegionDetailTableController.m */,
			);
			path = View;
			sourceTree = "<group>";
		};
		A93910771BEBA76E0096A693 /* Scanner */ = {
			isa = PBXGroup;
			children = (
				A93910781BEBA76E0096A693 /* ScannerViewController.h */,
				A93910791BEBA76E0096A693 /* ScannerViewController.m */,
				A9FF9B991C8CA16F00A4C388 /* ScannerPresenter.h */,
				A9FF9B9A1C8CA16F00A4C388 /* ScannerPresenter.m */,
			);
			path = Scanner;
			sourceTree = "<group>";
		};
		A93910891BEBA8020096A693 /* Frameworks */ = {
			isa = PBXGroup;
			children = (
				8F0C706E1E3B6DEF00C27C9C /* Cartfile */,
				8F447A481D34F01D00705861 /* SafariServices.framework */,
				8F3EEBFD1D2141B600490A84 /* PassKit.framework */,
				8F3EEBFB1D2141AD00490A84 /* WebKit.framework */,
				A90ABDA11C77224F003DC902 /* CoreMedia.framework */,
				A93910901BEBA8290096A693 /* CoreMotion.framework */,
				A939108E1BEBA8230096A693 /* CoreLocation.framework */,
				A939108C1BEBA81D0096A693 /* AVFoundation.framework */,
				A939108A1BEBA8150096A693 /* SystemConfiguration.framework */,
				A93910871BEBA7FA0096A693 /* AdSupport.framework */,
			);
			name = Frameworks;
			sourceTree = "<group>";
		};
		A97D5DCE1C0D83930086C867 /* OrchextraSDK */ = {
			isa = PBXGroup;
			children = (
				8F62DDD31E4B5A9900FD1826 /* Orchextra.framework */,
				8F0C70681E3B65F200C27C9C /* VuforiaOrchextra.framework */,
			);
			path = OrchextraSDK;
			sourceTree = "<group>";
		};
		A9FF9B7B1C8AED7400A4C388 /* Common */ = {
			isa = PBXGroup;
			children = (
				A9FF9B951C8AEE1D00A4C388 /* Persister */,
				A9FF9B8E1C8AEDEA00A4C388 /* Interactor */,
				A9FF9B7C1C8AED7400A4C388 /* Models */,
				A9FF9B7F1C8AED7400A4C388 /* Wireframe */,
			);
			path = Common;
			sourceTree = "<group>";
		};
		A9FF9B7C1C8AED7400A4C388 /* Models */ = {
			isa = PBXGroup;
			children = (
				A9FF9B7D1C8AED7400A4C388 /* DetailModel.h */,
				A9FF9B7E1C8AED7400A4C388 /* DetailModel.m */,
				A9FF9B921C8AEE1700A4C388 /* User.h */,
				A9FF9B931C8AEE1700A4C388 /* User.m */,
			);
			path = Models;
			sourceTree = "<group>";
		};
		A9FF9B7F1C8AED7400A4C388 /* Wireframe */ = {
			isa = PBXGroup;
			children = (
				A9FF9B801C8AED7400A4C388 /* MainWireframe.h */,
				A9FF9B811C8AED7400A4C388 /* MainWireframe.m */,
			);
			path = Wireframe;
			sourceTree = "<group>";
		};
		A9FF9B841C8AED7C00A4C388 /* UserDetails */ = {
			isa = PBXGroup;
			children = (
				A9FF9B881C8AEDC800A4C388 /* UserDetailsViewController.h */,
				A9FF9B891C8AEDC800A4C388 /* UserDetailsViewController.m */,
				A9FF9B8B1C8AEDDB00A4C388 /* UserDetailsPresenter.h */,
				A9FF9B8C1C8AEDDB00A4C388 /* UserDetailsPresenter.m */,
			);
			path = UserDetails;
			sourceTree = "<group>";
		};
		A9FF9B8E1C8AEDEA00A4C388 /* Interactor */ = {
			isa = PBXGroup;
			children = (
				A9FF9B8F1C8AEE0500A4C388 /* UserDetailsInteractor.h */,
				A9FF9B901C8AEE0500A4C388 /* UserDetailsInteractor.m */,
			);
			name = Interactor;
			sourceTree = "<group>";
		};
		A9FF9B951C8AEE1D00A4C388 /* Persister */ = {
			isa = PBXGroup;
			children = (
				A9FF9B961C8AEE4200A4C388 /* SessionPersister.h */,
				A9FF9B971C8AEE4200A4C388 /* SessionPersister.m */,
			);
			name = Persister;
			sourceTree = "<group>";
		};
		A9FF9B9C1C8CA7DC00A4C388 /* Libs */ = {
			isa = PBXGroup;
			children = (
				A9FF9B9D1C8CA7DC00A4C388 /* NSUserDefaults+ORCGIGArchive.h */,
				A9FF9B9E1C8CA7DC00A4C388 /* NSUserDefaults+ORCGIGArchive.m */,
			);
			path = Libs;
			sourceTree = "<group>";
		};
/* End PBXGroup section */

/* Begin PBXNativeTarget section */
		A92AD9B01BEB9ED7000B0BFD /* SampleOrchextra */ = {
			isa = PBXNativeTarget;
			buildConfigurationList = A92AD9D31BEB9ED7000B0BFD /* Build configuration list for PBXNativeTarget "SampleOrchextra" */;
			buildPhases = (
				A92AD9AD1BEB9ED7000B0BFD /* Sources */,
				A92AD9AE1BEB9ED7000B0BFD /* Frameworks */,
				A92AD9AF1BEB9ED7000B0BFD /* Resources */,
				8F7ABE2E1E3B70B10050446B /* Embed Frameworks */,
			);
			buildRules = (
			);
			dependencies = (
			);
			name = SampleOrchextra;
			productName = SampleOrchextra;
			productReference = A92AD9B11BEB9ED7000B0BFD /* SampleOrchextra.app */;
			productType = "com.apple.product-type.application";
		};
		A92AD9C91BEB9ED7000B0BFD /* SampleOrchextraTests */ = {
			isa = PBXNativeTarget;
			buildConfigurationList = A92AD9D61BEB9ED7000B0BFD /* Build configuration list for PBXNativeTarget "SampleOrchextraTests" */;
			buildPhases = (
				A92AD9C61BEB9ED7000B0BFD /* Sources */,
				A92AD9C71BEB9ED7000B0BFD /* Frameworks */,
				A92AD9C81BEB9ED7000B0BFD /* Resources */,
			);
			buildRules = (
			);
			dependencies = (
				A92AD9CC1BEB9ED7000B0BFD /* PBXTargetDependency */,
			);
			name = SampleOrchextraTests;
			productName = SampleOrchextraTests;
			productReference = A92AD9CA1BEB9ED7000B0BFD /* SampleOrchextraTests.xctest */;
			productType = "com.apple.product-type.bundle.unit-test";
		};
/* End PBXNativeTarget section */

/* Begin PBXProject section */
		A92AD9A91BEB9ED7000B0BFD /* Project object */ = {
			isa = PBXProject;
			attributes = {
				LastUpgradeCheck = 0820;
				ORGANIZATIONNAME = "Gigigo Mobile Group S.L";
				TargetAttributes = {
					A92AD9B01BEB9ED7000B0BFD = {
						CreatedOnToolsVersion = 7.1;
						ProvisioningStyle = Automatic;
					};
					A92AD9C91BEB9ED7000B0BFD = {
						CreatedOnToolsVersion = 7.1;
						TestTargetID = A92AD9B01BEB9ED7000B0BFD;
					};
				};
			};
			buildConfigurationList = A92AD9AC1BEB9ED7000B0BFD /* Build configuration list for PBXProject "SampleOrchextra" */;
			compatibilityVersion = "Xcode 3.2";
			developmentRegion = English;
			hasScannedForEncodings = 0;
			knownRegions = (
				en,
				Base,
			);
			mainGroup = A92AD9A81BEB9ED7000B0BFD;
			productRefGroup = A92AD9B21BEB9ED7000B0BFD /* Products */;
			projectDirPath = "";
			projectRoot = "";
			targets = (
				A92AD9B01BEB9ED7000B0BFD /* SampleOrchextra */,
				A92AD9C91BEB9ED7000B0BFD /* SampleOrchextraTests */,
			);
		};
/* End PBXProject section */

/* Begin PBXResourcesBuildPhase section */
		A92AD9AF1BEB9ED7000B0BFD /* Resources */ = {
			isa = PBXResourcesBuildPhase;
			buildActionMask = 2147483647;
			files = (
				A92AD9C41BEB9ED7000B0BFD /* LaunchScreen.storyboard in Resources */,
				A92AD9C11BEB9ED7000B0BFD /* Assets.xcassets in Resources */,
				8F0C706F1E3B6DEF00C27C9C /* Cartfile in Resources */,
				A92AD9BF1BEB9ED7000B0BFD /* Main.storyboard in Resources */,
			);
			runOnlyForDeploymentPostprocessing = 0;
		};
		A92AD9C81BEB9ED7000B0BFD /* Resources */ = {
			isa = PBXResourcesBuildPhase;
			buildActionMask = 2147483647;
			files = (
			);
			runOnlyForDeploymentPostprocessing = 0;
		};
/* End PBXResourcesBuildPhase section */

/* Begin PBXSourcesBuildPhase section */
		A92AD9AD1BEB9ED7000B0BFD /* Sources */ = {
			isa = PBXSourcesBuildPhase;
			buildActionMask = 2147483647;
			files = (
				A939107A1BEBA76E0096A693 /* BeaconsPresenter.m in Sources */,
				A9FF9B9F1C8CA7DC00A4C388 /* NSUserDefaults+ORCGIGArchive.m in Sources */,
				A93910821BEBA76E0096A693 /* DetailCell.m in Sources */,
				A9FF9B941C8AEE1700A4C388 /* User.m in Sources */,
				A93910831BEBA76E0096A693 /* NotifyCell.m in Sources */,
				A93910851BEBA76E0096A693 /* ScannerViewController.m in Sources */,
				A9FF9B821C8AED7400A4C388 /* DetailModel.m in Sources */,
				A93910801BEBA76E0096A693 /* RegionAnnotation.m in Sources */,
				A93910841BEBA76E0096A693 /* RegionDetailTableController.m in Sources */,
				A93910811BEBA76E0096A693 /* RegionDetailPresenter.m in Sources */,
				A92AD9B91BEB9ED7000B0BFD /* AppDelegate.m in Sources */,
				A9FF9B911C8AEE0500A4C388 /* UserDetailsInteractor.m in Sources */,
				A9FF9B981C8AEE4200A4C388 /* SessionPersister.m in Sources */,
				A939107B1BEBA76E0096A693 /* BeaconsTableViewController.m in Sources */,
				A939107F1BEBA76E0096A693 /* GeofencesViewController.m in Sources */,
				A9FF9B831C8AED7400A4C388 /* MainWireframe.m in Sources */,
				A9FF9B9B1C8CA16F00A4C388 /* ScannerPresenter.m in Sources */,
				A939107E1BEBA76E0096A693 /* GeofencesPresenter.m in Sources */,
				A9FF9B8A1C8AEDC800A4C388 /* UserDetailsViewController.m in Sources */,
				A9FF9B8D1C8AEDDB00A4C388 /* UserDetailsPresenter.m in Sources */,
				A92AD9B61BEB9ED7000B0BFD /* main.m in Sources */,
			);
			runOnlyForDeploymentPostprocessing = 0;
		};
		A92AD9C61BEB9ED7000B0BFD /* Sources */ = {
			isa = PBXSourcesBuildPhase;
			buildActionMask = 2147483647;
			files = (
				A92AD9CF1BEB9ED7000B0BFD /* SampleOrchextraTests.m in Sources */,
			);
			runOnlyForDeploymentPostprocessing = 0;
		};
/* End PBXSourcesBuildPhase section */

/* Begin PBXTargetDependency section */
		A92AD9CC1BEB9ED7000B0BFD /* PBXTargetDependency */ = {
			isa = PBXTargetDependency;
			target = A92AD9B01BEB9ED7000B0BFD /* SampleOrchextra */;
			targetProxy = A92AD9CB1BEB9ED7000B0BFD /* PBXContainerItemProxy */;
		};
/* End PBXTargetDependency section */

/* Begin PBXVariantGroup section */
		A92AD9BD1BEB9ED7000B0BFD /* Main.storyboard */ = {
			isa = PBXVariantGroup;
			children = (
				A92AD9BE1BEB9ED7000B0BFD /* Base */,
			);
			name = Main.storyboard;
			sourceTree = "<group>";
		};
		A92AD9C21BEB9ED7000B0BFD /* LaunchScreen.storyboard */ = {
			isa = PBXVariantGroup;
			children = (
				A92AD9C31BEB9ED7000B0BFD /* Base */,
			);
			name = LaunchScreen.storyboard;
			sourceTree = "<group>";
		};
/* End PBXVariantGroup section */

/* Begin XCBuildConfiguration section */
		A92AD9D11BEB9ED7000B0BFD /* Debug */ = {
			isa = XCBuildConfiguration;
			buildSettings = {
				ALWAYS_SEARCH_USER_PATHS = NO;
				CLANG_CXX_LANGUAGE_STANDARD = "gnu++0x";
				CLANG_CXX_LIBRARY = "libc++";
				CLANG_ENABLE_MODULES = YES;
				CLANG_ENABLE_OBJC_ARC = YES;
				CLANG_WARN_BOOL_CONVERSION = YES;
				CLANG_WARN_CONSTANT_CONVERSION = YES;
				CLANG_WARN_DIRECT_OBJC_ISA_USAGE = YES_ERROR;
				CLANG_WARN_EMPTY_BODY = YES;
				CLANG_WARN_ENUM_CONVERSION = YES;
				CLANG_WARN_INFINITE_RECURSION = YES;
				CLANG_WARN_INT_CONVERSION = YES;
				CLANG_WARN_OBJC_ROOT_CLASS = YES_ERROR;
				CLANG_WARN_SUSPICIOUS_MOVE = YES;
				CLANG_WARN_UNREACHABLE_CODE = YES;
				CLANG_WARN__DUPLICATE_METHOD_MATCH = YES;
				"CODE_SIGN_IDENTITY[sdk=iphoneos*]" = "iPhone Developer";
				COPY_PHASE_STRIP = NO;
				DEBUG_INFORMATION_FORMAT = dwarf;
				ENABLE_STRICT_OBJC_MSGSEND = YES;
				ENABLE_TESTABILITY = YES;
				GCC_C_LANGUAGE_STANDARD = gnu99;
				GCC_DYNAMIC_NO_PIC = NO;
				GCC_NO_COMMON_BLOCKS = YES;
				GCC_OPTIMIZATION_LEVEL = 0;
				GCC_PREPROCESSOR_DEFINITIONS = (
					"DEBUG=1",
					"$(inherited)",
				);
				GCC_WARN_64_TO_32_BIT_CONVERSION = YES;
				GCC_WARN_ABOUT_RETURN_TYPE = YES_ERROR;
				GCC_WARN_UNDECLARED_SELECTOR = YES;
				GCC_WARN_UNINITIALIZED_AUTOS = YES_AGGRESSIVE;
				GCC_WARN_UNUSED_FUNCTION = YES;
				GCC_WARN_UNUSED_VARIABLE = YES;
				IPHONEOS_DEPLOYMENT_TARGET = 9.1;
				MTL_ENABLE_DEBUG_INFO = YES;
				ONLY_ACTIVE_ARCH = YES;
				SDKROOT = iphoneos;
			};
			name = Debug;
		};
		A92AD9D21BEB9ED7000B0BFD /* Release */ = {
			isa = XCBuildConfiguration;
			buildSettings = {
				ALWAYS_SEARCH_USER_PATHS = NO;
				CLANG_CXX_LANGUAGE_STANDARD = "gnu++0x";
				CLANG_CXX_LIBRARY = "libc++";
				CLANG_ENABLE_MODULES = YES;
				CLANG_ENABLE_OBJC_ARC = YES;
				CLANG_WARN_BOOL_CONVERSION = YES;
				CLANG_WARN_CONSTANT_CONVERSION = YES;
				CLANG_WARN_DIRECT_OBJC_ISA_USAGE = YES_ERROR;
				CLANG_WARN_EMPTY_BODY = YES;
				CLANG_WARN_ENUM_CONVERSION = YES;
				CLANG_WARN_INFINITE_RECURSION = YES;
				CLANG_WARN_INT_CONVERSION = YES;
				CLANG_WARN_OBJC_ROOT_CLASS = YES_ERROR;
				CLANG_WARN_SUSPICIOUS_MOVE = YES;
				CLANG_WARN_UNREACHABLE_CODE = YES;
				CLANG_WARN__DUPLICATE_METHOD_MATCH = YES;
				"CODE_SIGN_IDENTITY[sdk=iphoneos*]" = "iPhone Developer";
				COPY_PHASE_STRIP = NO;
				DEBUG_INFORMATION_FORMAT = "dwarf-with-dsym";
				ENABLE_NS_ASSERTIONS = NO;
				ENABLE_STRICT_OBJC_MSGSEND = YES;
				GCC_C_LANGUAGE_STANDARD = gnu99;
				GCC_NO_COMMON_BLOCKS = YES;
				GCC_WARN_64_TO_32_BIT_CONVERSION = YES;
				GCC_WARN_ABOUT_RETURN_TYPE = YES_ERROR;
				GCC_WARN_UNDECLARED_SELECTOR = YES;
				GCC_WARN_UNINITIALIZED_AUTOS = YES_AGGRESSIVE;
				GCC_WARN_UNUSED_FUNCTION = YES;
				GCC_WARN_UNUSED_VARIABLE = YES;
				IPHONEOS_DEPLOYMENT_TARGET = 9.1;
				MTL_ENABLE_DEBUG_INFO = NO;
				SDKROOT = iphoneos;
				VALIDATE_PRODUCT = YES;
			};
			name = Release;
		};
		A92AD9D41BEB9ED7000B0BFD /* Debug */ = {
			isa = XCBuildConfiguration;
			buildSettings = {
				ASSETCATALOG_COMPILER_APPICON_NAME = AppIcon;
				"CODE_SIGN_IDENTITY[sdk=iphoneos*]" = "iPhone Developer";
				DEVELOPMENT_TEAM = "";
				ENABLE_BITCODE = NO;
				FRAMEWORK_SEARCH_PATHS = (
					"$(PROJECT_DIR)/SampleOrchextra/OrchextraSDK",
					"$(PROJECT_DIR)/Carthage/Build/iOS",
				);
				INFOPLIST_FILE = SampleOrchextra/Info.plist;
				IPHONEOS_DEPLOYMENT_TARGET = 8.0;
				LD_RUNPATH_SEARCH_PATHS = "$(inherited) @executable_path/Frameworks";
				OTHER_LDFLAGS = (
					"-ObjC",
					"-lc++",
				);
				PRODUCT_BUNDLE_IDENTIFIER = com.gigigo.SampleOrchextra;
				PRODUCT_NAME = "$(TARGET_NAME)";
				PROVISIONING_PROFILE = "";
				PROVISIONING_PROFILE_SPECIFIER = "";
			};
			name = Debug;
		};
		A92AD9D51BEB9ED7000B0BFD /* Release */ = {
			isa = XCBuildConfiguration;
			buildSettings = {
				ASSETCATALOG_COMPILER_APPICON_NAME = AppIcon;
				"CODE_SIGN_IDENTITY[sdk=iphoneos*]" = "iPhone Developer";
				DEVELOPMENT_TEAM = "";
				ENABLE_BITCODE = NO;
				FRAMEWORK_SEARCH_PATHS = (
					"$(PROJECT_DIR)/SampleOrchextra/OrchextraSDK",
					"$(PROJECT_DIR)/Carthage/Build/iOS",
				);
				INFOPLIST_FILE = SampleOrchextra/Info.plist;
				IPHONEOS_DEPLOYMENT_TARGET = 8.0;
				LD_RUNPATH_SEARCH_PATHS = "$(inherited) @executable_path/Frameworks";
				OTHER_LDFLAGS = (
					"-ObjC",
					"-lc++",
				);
				PRODUCT_BUNDLE_IDENTIFIER = com.gigigo.SampleOrchextra;
				PRODUCT_NAME = "$(TARGET_NAME)";
				PROVISIONING_PROFILE = "";
				PROVISIONING_PROFILE_SPECIFIER = "";
			};
			name = Release;
		};
		A92AD9D71BEB9ED7000B0BFD /* Debug */ = {
			isa = XCBuildConfiguration;
			buildSettings = {
				BUNDLE_LOADER = "$(TEST_HOST)";
				INFOPLIST_FILE = SampleOrchextraTests/Info.plist;
				LD_RUNPATH_SEARCH_PATHS = "$(inherited) @executable_path/Frameworks @loader_path/Frameworks";
				PRODUCT_BUNDLE_IDENTIFIER = com.gigigo.SampleOrchextraTests;
				PRODUCT_NAME = "$(TARGET_NAME)";
				TEST_HOST = "$(BUILT_PRODUCTS_DIR)/SampleOrchextra.app/SampleOrchextra";
			};
			name = Debug;
		};
		A92AD9D81BEB9ED7000B0BFD /* Release */ = {
			isa = XCBuildConfiguration;
			buildSettings = {
				BUNDLE_LOADER = "$(TEST_HOST)";
				INFOPLIST_FILE = SampleOrchextraTests/Info.plist;
				LD_RUNPATH_SEARCH_PATHS = "$(inherited) @executable_path/Frameworks @loader_path/Frameworks";
				PRODUCT_BUNDLE_IDENTIFIER = com.gigigo.SampleOrchextraTests;
				PRODUCT_NAME = "$(TARGET_NAME)";
				TEST_HOST = "$(BUILT_PRODUCTS_DIR)/SampleOrchextra.app/SampleOrchextra";
			};
			name = Release;
		};
/* End XCBuildConfiguration section */

/* Begin XCConfigurationList section */
		A92AD9AC1BEB9ED7000B0BFD /* Build configuration list for PBXProject "SampleOrchextra" */ = {
			isa = XCConfigurationList;
			buildConfigurations = (
				A92AD9D11BEB9ED7000B0BFD /* Debug */,
				A92AD9D21BEB9ED7000B0BFD /* Release */,
			);
			defaultConfigurationIsVisible = 0;
			defaultConfigurationName = Release;
		};
		A92AD9D31BEB9ED7000B0BFD /* Build configuration list for PBXNativeTarget "SampleOrchextra" */ = {
			isa = XCConfigurationList;
			buildConfigurations = (
				A92AD9D41BEB9ED7000B0BFD /* Debug */,
				A92AD9D51BEB9ED7000B0BFD /* Release */,
			);
			defaultConfigurationIsVisible = 0;
			defaultConfigurationName = Release;
		};
		A92AD9D61BEB9ED7000B0BFD /* Build configuration list for PBXNativeTarget "SampleOrchextraTests" */ = {
			isa = XCConfigurationList;
			buildConfigurations = (
				A92AD9D71BEB9ED7000B0BFD /* Debug */,
				A92AD9D81BEB9ED7000B0BFD /* Release */,
			);
			defaultConfigurationIsVisible = 0;
			defaultConfigurationName = Release;
		};
/* End XCConfigurationList section */
	};
	rootObject = A92AD9A91BEB9ED7000B0BFD /* Project object */;
}
